// !$*UTF8*$!
{
	archiveVersion = 1;
	classes = {
	};
	objectVersion = 46;
	objects = {

/* Begin PBXBuildFile section */
		B87F14581BB725C100A43904 /* main.m in Sources */ = {isa = PBXBuildFile; fileRef = B87F14571BB725C100A43904 /* main.m */; };
		B87F145B1BB725C100A43904 /* AppDelegate.m in Sources */ = {isa = PBXBuildFile; fileRef = B87F145A1BB725C100A43904 /* AppDelegate.m */; };
		B87F145E1BB725C100A43904 /* ViewController.m in Sources */ = {isa = PBXBuildFile; fileRef = B87F145D1BB725C100A43904 /* ViewController.m */; };
		B87F14611BB725C100A43904 /* Main.storyboard in Resources */ = {isa = PBXBuildFile; fileRef = B87F145F1BB725C100A43904 /* Main.storyboard */; };
		B87F14631BB725C100A43904 /* Assets.xcassets in Resources */ = {isa = PBXBuildFile; fileRef = B87F14621BB725C100A43904 /* Assets.xcassets */; };
		B87F14661BB725C100A43904 /* LaunchScreen.storyboard in Resources */ = {isa = PBXBuildFile; fileRef = B87F14641BB725C100A43904 /* LaunchScreen.storyboard */; };
		B87F14711BB725C200A43904 /* ForceButtonExampleUITests.m in Sources */ = {isa = PBXBuildFile; fileRef = B87F14701BB725C200A43904 /* ForceButtonExampleUITests.m */; };
		BB6376200A4299B15A696DF1 /* libPods.a in Frameworks */ = {isa = PBXBuildFile; fileRef = 3FA4846C67929BC547B182AB /* libPods.a */; };
/* End PBXBuildFile section */

/* Begin PBXContainerItemProxy section */
		B87F146D1BB725C200A43904 /* PBXContainerItemProxy */ = {
			isa = PBXContainerItemProxy;
			containerPortal = B87F144B1BB725C100A43904 /* Project object */;
			proxyType = 1;
			remoteGlobalIDString = B87F14521BB725C100A43904;
			remoteInfo = ForceButtonExample;
		};
/* End PBXContainerItemProxy section */

/* Begin PBXFileReference section */
		3FA4846C67929BC547B182AB /* libPods.a */ = {isa = PBXFileReference; explicitFileType = archive.ar; includeInIndex = 0; path = libPods.a; sourceTree = BUILT_PRODUCTS_DIR; };
		5473517A7211BE13C33CCF7D /* Pods.debug.xcconfig */ = {isa = PBXFileReference; includeInIndex = 1; lastKnownFileType = text.xcconfig; name = Pods.debug.xcconfig; path = "Pods/Target Support Files/Pods/Pods.debug.xcconfig"; sourceTree = "<group>"; };
		B87F14531BB725C100A43904 /* ForceButtonExample.app */ = {isa = PBXFileReference; explicitFileType = wrapper.application; includeInIndex = 0; path = ForceButtonExample.app; sourceTree = BUILT_PRODUCTS_DIR; };
		B87F14571BB725C100A43904 /* main.m */ = {isa = PBXFileReference; lastKnownFileType = sourcecode.c.objc; path = main.m; sourceTree = "<group>"; };
		B87F14591BB725C100A43904 /* AppDelegate.h */ = {isa = PBXFileReference; lastKnownFileType = sourcecode.c.h; path = AppDelegate.h; sourceTree = "<group>"; };
		B87F145A1BB725C100A43904 /* AppDelegate.m */ = {isa = PBXFileReference; lastKnownFileType = sourcecode.c.objc; path = AppDelegate.m; sourceTree = "<group>"; };
		B87F145C1BB725C100A43904 /* ViewController.h */ = {isa = PBXFileReference; lastKnownFileType = sourcecode.c.h; path = ViewController.h; sourceTree = "<group>"; };
		B87F145D1BB725C100A43904 /* ViewController.m */ = {isa = PBXFileReference; lastKnownFileType = sourcecode.c.objc; path = ViewController.m; sourceTree = "<group>"; };
		B87F14601BB725C100A43904 /* Base */ = {isa = PBXFileReference; lastKnownFileType = file.storyboard; name = Base; path = Base.lproj/Main.storyboard; sourceTree = "<group>"; };
		B87F14621BB725C100A43904 /* Assets.xcassets */ = {isa = PBXFileReference; lastKnownFileType = folder.assetcatalog; path = Assets.xcassets; sourceTree = "<group>"; };
		B87F14651BB725C100A43904 /* Base */ = {isa = PBXFileReference; lastKnownFileType = file.storyboard; name = Base; path = Base.lproj/LaunchScreen.storyboard; sourceTree = "<group>"; };
		B87F14671BB725C100A43904 /* Info.plist */ = {isa = PBXFileReference; lastKnownFileType = text.plist.xml; path = Info.plist; sourceTree = "<group>"; };
		B87F146C1BB725C200A43904 /* ForceButtonExampleUITests.xctest */ = {isa = PBXFileReference; explicitFileType = wrapper.cfbundle; includeInIndex = 0; path = ForceButtonExampleUITests.xctest; sourceTree = BUILT_PRODUCTS_DIR; };
		B87F14701BB725C200A43904 /* ForceButtonExampleUITests.m */ = {isa = PBXFileReference; lastKnownFileType = sourcecode.c.objc; path = ForceButtonExampleUITests.m; sourceTree = "<group>"; };
		B87F14721BB725C200A43904 /* Info.plist */ = {isa = PBXFileReference; lastKnownFileType = text.plist.xml; path = Info.plist; sourceTree = "<group>"; };
		C12749A320406FADC8410E41 /* Pods.release.xcconfig */ = {isa = PBXFileReference; includeInIndex = 1; lastKnownFileType = text.xcconfig; name = Pods.release.xcconfig; path = "Pods/Target Support Files/Pods/Pods.release.xcconfig"; sourceTree = "<group>"; };
/* End PBXFileReference section */

/* Begin PBXFrameworksBuildPhase section */
		B87F14501BB725C100A43904 /* Frameworks */ = {
			isa = PBXFrameworksBuildPhase;
			buildActionMask = 2147483647;
			files = (
				BB6376200A4299B15A696DF1 /* libPods.a in Frameworks */,
			);
			runOnlyForDeploymentPostprocessing = 0;
		};
		B87F14691BB725C200A43904 /* Frameworks */ = {
			isa = PBXFrameworksBuildPhase;
			buildActionMask = 2147483647;
			files = (
			);
			runOnlyForDeploymentPostprocessing = 0;
		};
/* End PBXFrameworksBuildPhase section */

/* Begin PBXGroup section */
		ACE87ABA691D8854A778BFCB /* Frameworks */ = {
			isa = PBXGroup;
			children = (
				3FA4846C67929BC547B182AB /* libPods.a */,
			);
			name = Frameworks;
			sourceTree = "<group>";
		};
		B87F144A1BB725C100A43904 = {
			isa = PBXGroup;
			children = (
				B87F14551BB725C100A43904 /* ForceButtonExample */,
				B87F146F1BB725C200A43904 /* ForceButtonExampleUITests */,
				B87F14541BB725C100A43904 /* Products */,
				CF92AA69FA6175930C538EE9 /* Pods */,
				ACE87ABA691D8854A778BFCB /* Frameworks */,
			);
			sourceTree = "<group>";
		};
		B87F14541BB725C100A43904 /* Products */ = {
			isa = PBXGroup;
			children = (
				B87F14531BB725C100A43904 /* ForceButtonExample.app */,
				B87F146C1BB725C200A43904 /* ForceButtonExampleUITests.xctest */,
			);
			name = Products;
			sourceTree = "<group>";
		};
		B87F14551BB725C100A43904 /* ForceButtonExample */ = {
			isa = PBXGroup;
			children = (
				B87F14591BB725C100A43904 /* AppDelegate.h */,
				B87F145A1BB725C100A43904 /* AppDelegate.m */,
				B87F145C1BB725C100A43904 /* ViewController.h */,
				B87F145D1BB725C100A43904 /* ViewController.m */,
				B87F145F1BB725C100A43904 /* Main.storyboard */,
				B87F14621BB725C100A43904 /* Assets.xcassets */,
				B87F14641BB725C100A43904 /* LaunchScreen.storyboard */,
				B87F14671BB725C100A43904 /* Info.plist */,
				B87F14561BB725C100A43904 /* Supporting Files */,
			);
			path = ForceButtonExample;
			sourceTree = "<group>";
		};
		B87F14561BB725C100A43904 /* Supporting Files */ = {
			isa = PBXGroup;
			children = (
				B87F14571BB725C100A43904 /* main.m */,
			);
			name = "Supporting Files";
			sourceTree = "<group>";
		};
		B87F146F1BB725C200A43904 /* ForceButtonExampleUITests */ = {
			isa = PBXGroup;
			children = (
				B87F14701BB725C200A43904 /* ForceButtonExampleUITests.m */,
				B87F14721BB725C200A43904 /* Info.plist */,
			);
			path = ForceButtonExampleUITests;
			sourceTree = "<group>";
		};
		CF92AA69FA6175930C538EE9 /* Pods */ = {
			isa = PBXGroup;
			children = (
				5473517A7211BE13C33CCF7D /* Pods.debug.xcconfig */,
				C12749A320406FADC8410E41 /* Pods.release.xcconfig */,
			);
			name = Pods;
			sourceTree = "<group>";
		};
/* End PBXGroup section */

/* Begin PBXNativeTarget section */
		B87F14521BB725C100A43904 /* ForceButtonExample */ = {
			isa = PBXNativeTarget;
			buildConfigurationList = B87F14751BB725C200A43904 /* Build configuration list for PBXNativeTarget "ForceButtonExample" */;
			buildPhases = (
				FF1F7111BC663591F54DB535 /* Check Pods Manifest.lock */,
				B87F144F1BB725C100A43904 /* Sources */,
				B87F14501BB725C100A43904 /* Frameworks */,
				B87F14511BB725C100A43904 /* Resources */,
				48833759BF491F8F0A78183C /* Copy Pods Resources */,
			);
			buildRules = (
			);
			dependencies = (
			);
			name = ForceButtonExample;
			productName = ForceButtonExample;
			productReference = B87F14531BB725C100A43904 /* ForceButtonExample.app */;
			productType = "com.apple.product-type.application";
		};
		B87F146B1BB725C200A43904 /* ForceButtonExampleUITests */ = {
			isa = PBXNativeTarget;
			buildConfigurationList = B87F14781BB725C200A43904 /* Build configuration list for PBXNativeTarget "ForceButtonExampleUITests" */;
			buildPhases = (
				B87F14681BB725C200A43904 /* Sources */,
				B87F14691BB725C200A43904 /* Frameworks */,
				B87F146A1BB725C200A43904 /* Resources */,
			);
			buildRules = (
			);
			dependencies = (
				B87F146E1BB725C200A43904 /* PBXTargetDependency */,
			);
			name = ForceButtonExampleUITests;
			productName = ForceButtonExampleUITests;
			productReference = B87F146C1BB725C200A43904 /* ForceButtonExampleUITests.xctest */;
			productType = "com.apple.product-type.bundle.ui-testing";
		};
/* End PBXNativeTarget section */

/* Begin PBXProject section */
		B87F144B1BB725C100A43904 /* Project object */ = {
			isa = PBXProject;
			attributes = {
				LastUpgradeCheck = 0700;
				ORGANIZATIONNAME = "Yu Sugawara";
				TargetAttributes = {
					B87F14521BB725C100A43904 = {
						CreatedOnToolsVersion = 7.0;
					};
					B87F146B1BB725C200A43904 = {
						CreatedOnToolsVersion = 7.0;
						TestTargetID = B87F14521BB725C100A43904;
					};
				};
			};
			buildConfigurationList = B87F144E1BB725C100A43904 /* Build configuration list for PBXProject "ForceButtonExample" */;
			compatibilityVersion = "Xcode 3.2";
			developmentRegion = English;
			hasScannedForEncodings = 0;
			knownRegions = (
				en,
				Base,
			);
			mainGroup = B87F144A1BB725C100A43904;
			productRefGroup = B87F14541BB725C100A43904 /* Products */;
			projectDirPath = "";
			projectRoot = "";
			targets = (
				B87F14521BB725C100A43904 /* ForceButtonExample */,
				B87F146B1BB725C200A43904 /* ForceButtonExampleUITests */,
			);
		};
/* End PBXProject section */

/* Begin PBXResourcesBuildPhase section */
		B87F14511BB725C100A43904 /* Resources */ = {
			isa = PBXResourcesBuildPhase;
			buildActionMask = 2147483647;
			files = (
				B87F14661BB725C100A43904 /* LaunchScreen.storyboard in Resources */,
				B87F14631BB725C100A43904 /* Assets.xcassets in Resources */,
				B87F14611BB725C100A43904 /* Main.storyboard in Resources */,
			);
			runOnlyForDeploymentPostprocessing = 0;
		};
		B87F146A1BB725C200A43904 /* Resources */ = {
			isa = PBXResourcesBuildPhase;
			buildActionMask = 2147483647;
			files = (
			);
			runOnlyForDeploymentPostprocessing = 0;
		};
/* End PBXResourcesBuildPhase section */

/* Begin PBXShellScriptBuildPhase section */
		48833759BF491F8F0A78183C /* Copy Pods Resources */ = {
			isa = PBXShellScriptBuildPhase;
			buildActionMask = 2147483647;
			files = (
			);
			inputPaths = (
			);
			name = "Copy Pods Resources";
			outputPaths = (
			);
			runOnlyForDeploymentPostprocessing = 0;
			shellPath = /bin/sh;
			shellScript = "\"${SRCROOT}/Pods/Target Support Files/Pods/Pods-resources.sh\"\n";
			showEnvVarsInLog = 0;
		};
		FF1F7111BC663591F54DB535 /* Check Pods Manifest.lock */ = {
			isa = PBXShellScriptBuildPhase;
			buildActionMask = 2147483647;
			files = (
			);
			inputPaths = (
			);
			name = "Check Pods Manifest.lock";
			outputPaths = (
			);
			runOnlyForDeploymentPostprocessing = 0;
			shellPath = /bin/sh;
			shellScript = "diff \"${PODS_ROOT}/../Podfile.lock\" \"${PODS_ROOT}/Manifest.lock\" > /dev/null\nif [[ $? != 0 ]] ; then\n    cat << EOM\nerror: The sandbox is not in sync with the Podfile.lock. Run 'pod install' or update your CocoaPods installation.\nEOM\n    exit 1\nfi\n";
			showEnvVarsInLog = 0;
		};
/* End PBXShellScriptBuildPhase section */

/* Begin PBXSourcesBuildPhase section */
		B87F144F1BB725C100A43904 /* Sources */ = {
			isa = PBXSourcesBuildPhase;
			buildActionMask = 2147483647;
			files = (
				B87F145E1BB725C100A43904 /* ViewController.m in Sources */,
				B87F145B1BB725C100A43904 /* AppDelegate.m in Sources */,
				B87F14581BB725C100A43904 /* main.m in Sources */,
			);
			runOnlyForDeploymentPostprocessing = 0;
		};
		B87F14681BB725C200A43904 /* Sources */ = {
			isa = PBXSourcesBuildPhase;
			buildActionMask = 2147483647;
			files = (
				B87F14711BB725C200A43904 /* ForceButtonExampleUITests.m in Sources */,
			);
			runOnlyForDeploymentPostprocessing = 0;
		};
/* End PBXSourcesBuildPhase section */

/* Begin PBXTargetDependency section */
		B87F146E1BB725C200A43904 /* PBXTargetDependency */ = {
			isa = PBXTargetDependency;
			target = B87F14521BB725C100A43904 /* ForceButtonExample */;
			targetProxy = B87F146D1BB725C200A43904 /* PBXContainerItemProxy */;
		};
/* End PBXTargetDependency section */

/* Begin PBXVariantGroup section */
		B87F145F1BB725C100A43904 /* Main.storyboard */ = {
			isa = PBXVariantGroup;
			children = (
				B87F14601BB725C100A43904 /* Base */,
			);
			name = Main.storyboard;
			sourceTree = "<group>";
		};
		B87F14641BB725C100A43904 /* LaunchScreen.storyboard */ = {
			isa = PBXVariantGroup;
			children = (
				B87F14651BB725C100A43904 /* Base */,
			);
			name = LaunchScreen.storyboard;
			sourceTree = "<group>";
		};
/* End PBXVariantGroup section */

/* Begin XCBuildConfiguration section */
		B87F14731BB725C200A43904 /* Debug */ = {
			isa = XCBuildConfiguration;
			buildSettings = {
				ALWAYS_SEARCH_USER_PATHS = NO;
				CLANG_CXX_LANGUAGE_STANDARD = "gnu++0x";
				CLANG_CXX_LIBRARY = "libc++";
				CLANG_ENABLE_MODULES = YES;
				CLANG_ENABLE_OBJC_ARC = YES;
				CLANG_WARN_BOOL_CONVERSION = YES;
				CLANG_WARN_CONSTANT_CONVERSION = YES;
				CLANG_WARN_DIRECT_OBJC_ISA_USAGE = YES_ERROR;
				CLANG_WARN_EMPTY_BODY = YES;
				CLANG_WARN_ENUM_CONVERSION = YES;
				CLANG_WARN_INT_CONVERSION = YES;
				CLANG_WARN_OBJC_ROOT_CLASS = YES_ERROR;
				CLANG_WARN_UNREACHABLE_CODE = YES;
				CLANG_WARN__DUPLICATE_METHOD_MATCH = YES;
				"CODE_SIGN_IDENTITY[sdk=iphoneos*]" = "iPhone Developer";
				COPY_PHASE_STRIP = NO;
				DEBUG_INFORMATION_FORMAT = dwarf;
				ENABLE_STRICT_OBJC_MSGSEND = YES;
				ENABLE_TESTABILITY = YES;
				GCC_C_LANGUAGE_STANDARD = gnu99;
				GCC_DYNAMIC_NO_PIC = NO;
				GCC_NO_COMMON_BLOCKS = YES;
				GCC_OPTIMIZATION_LEVEL = 0;
				GCC_PREPROCESSOR_DEFINITIONS = (
					"DEBUG=1",
					"$(inherited)",
				);
				GCC_WARN_64_TO_32_BIT_CONVERSION = YES;
				GCC_WARN_ABOUT_RETURN_TYPE = YES_ERROR;
				GCC_WARN_UNDECLARED_SELECTOR = YES;
				GCC_WARN_UNINITIALIZED_AUTOS = YES_AGGRESSIVE;
				GCC_WARN_UNUSED_FUNCTION = YES;
				GCC_WARN_UNUSED_VARIABLE = YES;
				IPHONEOS_DEPLOYMENT_TARGET = 9.0;
				MTL_ENABLE_DEBUG_INFO = YES;
				ONLY_ACTIVE_ARCH = YES;
				SDKROOT = iphoneos;
			};
			name = Debug;
		};
		B87F14741BB725C200A43904 /* Release */ = {
			isa = XCBuildConfiguration;
			buildSettings = {
				ALWAYS_SEARCH_USER_PATHS = NO;
				CLANG_CXX_LANGUAGE_STANDARD = "gnu++0x";
				CLANG_CXX_LIBRARY = "libc++";
				CLANG_ENABLE_MODULES = YES;
				CLANG_ENABLE_OBJC_ARC = YES;
				CLANG_WARN_BOOL_CONVERSION = YES;
				CLANG_WARN_CONSTANT_CONVERSION = YES;
				CLANG_WARN_DIRECT_OBJC_ISA_USAGE = YES_ERROR;
				CLANG_WARN_EMPTY_BODY = YES;
				CLANG_WARN_ENUM_CONVERSION = YES;
				CLANG_WARN_INT_CONVERSION = YES;
				CLANG_WARN_OBJC_ROOT_CLASS = YES_ERROR;
				CLANG_WARN_UNREACHABLE_CODE = YES;
				CLANG_WARN__DUPLICATE_METHOD_MATCH = YES;
				"CODE_SIGN_IDENTITY[sdk=iphoneos*]" = "iPhone Developer";
				COPY_PHASE_STRIP = NO;
				DEBUG_INFORMATION_FORMAT = "dwarf-with-dsym";
				ENABLE_NS_ASSERTIONS = NO;
				ENABLE_STRICT_OBJC_MSGSEND = YES;
				GCC_C_LANGUAGE_STANDARD = gnu99;
				GCC_NO_COMMON_BLOCKS = YES;
				GCC_WARN_64_TO_32_BIT_CONVERSION = YES;
				GCC_WARN_ABOUT_RETURN_TYPE = YES_ERROR;
				GCC_WARN_UNDECLARED_SELECTOR = YES;
				GCC_WARN_UNINITIALIZED_AUTOS = YES_AGGRESSIVE;
				GCC_WARN_UNUSED_FUNCTION = YES;
				GCC_WARN_UNUSED_VARIABLE = YES;
				IPHONEOS_DEPLOYMENT_TARGET = 9.0;
				MTL_ENABLE_DEBUG_INFO = NO;
				SDKROOT = iphoneos;
				VALIDATE_PRODUCT = YES;
			};
			name = Release;
		};
		B87F14761BB725C200A43904 /* Debug */ = {
			isa = XCBuildConfiguration;
			baseConfigurationReference = 5473517A7211BE13C33CCF7D /* Pods.debug.xcconfig */;
			buildSettings = {
				ASSETCATALOG_COMPILER_APPICON_NAME = AppIcon;
				INFOPLIST_FILE = ForceButtonExample/Info.plist;
				LD_RUNPATH_SEARCH_PATHS = "$(inherited) @executable_path/Frameworks";
				PRODUCT_BUNDLE_IDENTIFIER = com.yusuga.ForceButtonExample;
				PRODUCT_NAME = "$(TARGET_NAME)";
			};
			name = Debug;
		};
		B87F14771BB725C200A43904 /* Release */ = {
			isa = XCBuildConfiguration;
			baseConfigurationReference = C12749A320406FADC8410E41 /* Pods.release.xcconfig */;
			buildSettings = {
				ASSETCATALOG_COMPILER_APPICON_NAME = AppIcon;
				INFOPLIST_FILE = ForceButtonExample/Info.plist;
				LD_RUNPATH_SEARCH_PATHS = "$(inherited) @executable_path/Frameworks";
				PRODUCT_BUNDLE_IDENTIFIER = com.yusuga.ForceButtonExample;
				PRODUCT_NAME = "$(TARGET_NAME)";
			};
			name = Release;
		};
		B87F14791BB725C200A43904 /* Debug */ = {
			isa = XCBuildConfiguration;
			buildSettings = {
				INFOPLIST_FILE = ForceButtonExampleUITests/Info.plist;
				LD_RUNPATH_SEARCH_PATHS = "$(inherited) @executable_path/Frameworks @loader_path/Frameworks";
				PRODUCT_BUNDLE_IDENTIFIER = com.yusuga.ForceButtonExampleUITests;
				PRODUCT_NAME = "$(TARGET_NAME)";
				TEST_TARGET_NAME = ForceButtonExample;
				USES_XCTRUNNER = YES;
			};
			name = Debug;
		};
		B87F147A1BB725C200A43904 /* Release */ = {
			isa = XCBuildConfiguration;
			buildSettings = {
				INFOPLIST_FILE = ForceButtonExampleUITests/Info.plist;
				LD_RUNPATH_SEARCH_PATHS = "$(inherited) @executable_path/Frameworks @loader_path/Frameworks";
				PRODUCT_BUNDLE_IDENTIFIER = com.yusuga.ForceButtonExampleUITests;
				PRODUCT_NAME = "$(TARGET_NAME)";
				TEST_TARGET_NAME = ForceButtonExample;
				USES_XCTRUNNER = YES;
			};
			name = Release;
		};
/* End XCBuildConfiguration section */

/* Begin XCConfigurationList section */
		B87F144E1BB725C100A43904 /* Build configuration list for PBXProject "ForceButtonExample" */ = {
			isa = XCConfigurationList;
			buildConfigurations = (
				B87F14731BB725C200A43904 /* Debug */,
				B87F14741BB725C200A43904 /* Release */,
			);
			defaultConfigurationIsVisible = 0;
			defaultConfigurationName = Release;
		};
		B87F14751BB725C200A43904 /* Build configuration list for PBXNativeTarget "ForceButtonExample" */ = {
			isa = XCConfigurationList;
			buildConfigurations = (
				B87F14761BB725C200A43904 /* Debug */,
				B87F14771BB725C200A43904 /* Release */,
			);
			defaultConfigurationIsVisible = 0;
			defaultConfigurationName = Release;
		};
		B87F14781BB725C200A43904 /* Build configuration list for PBXNativeTarget "ForceButtonExampleUITests" */ = {
			isa = XCConfigurationList;
			buildConfigurations = (
				B87F14791BB725C200A43904 /* Debug */,
				B87F147A1BB725C200A43904 /* Release */,
			);
			defaultConfigurationIsVisible = 0;
			defaultConfigurationName = Release;
		};
/* End XCConfigurationList section */
	};
	rootObject = B87F144B1BB725C100A43904 /* Project object */;
}
